// !$*UTF8*$!
{
	archiveVersion = 1;
	classes = {
	};
	objectVersion = 77;
	objects = {

/* Begin PBXBuildFile section */
		CD9A120B2D7836EC0023EDF2 /* ViewInspector in Frameworks */ = {isa = PBXBuildFile; productRef = CD9A120A2D7836EC0023EDF2 /* ViewInspector */; };
/* End PBXBuildFile section */

/* Begin PBXContainerItemProxy section */
		CD12CBEB2D7522C200EFAD77 /* PBXContainerItemProxy */ = {
			isa = PBXContainerItemProxy;
			containerPortal = CD12CBD22D7522BB00EFAD77 /* Project object */;
			proxyType = 1;
			remoteGlobalIDString = CD12CBD92D7522BB00EFAD77;
			remoteInfo = "emoji-map";
		};
		CD12CBF52D7522C200EFAD77 /* PBXContainerItemProxy */ = {
			isa = PBXContainerItemProxy;
			containerPortal = CD12CBD22D7522BB00EFAD77 /* Project object */;
			proxyType = 1;
			remoteGlobalIDString = CD12CBD92D7522BB00EFAD77;
			remoteInfo = "emoji-map";
		};
/* End PBXContainerItemProxy section */

/* Begin PBXFileReference section */
		CD12CBDA2D7522BB00EFAD77 /* emoji-map.app */ = {isa = PBXFileReference; explicitFileType = wrapper.application; includeInIndex = 0; path = "emoji-map.app"; sourceTree = BUILT_PRODUCTS_DIR; };
		CD12CBEA2D7522C200EFAD77 /* emoji-mapTests.xctest */ = {isa = PBXFileReference; explicitFileType = wrapper.cfbundle; includeInIndex = 0; path = "emoji-mapTests.xctest"; sourceTree = BUILT_PRODUCTS_DIR; };
		CD12CBF42D7522C200EFAD77 /* emoji-mapUITests.xctest */ = {isa = PBXFileReference; explicitFileType = wrapper.cfbundle; includeInIndex = 0; path = "emoji-mapUITests.xctest"; sourceTree = BUILT_PRODUCTS_DIR; };
/* End PBXFileReference section */

/* Begin PBXFileSystemSynchronizedRootGroup section */
		CD12CBDC2D7522BB00EFAD77 /* emoji-map */ = {
			isa = PBXFileSystemSynchronizedRootGroup;
			path = "emoji-map";
			sourceTree = "<group>";
		};
		CD12CBED2D7522C200EFAD77 /* emoji-mapTests */ = {
			isa = PBXFileSystemSynchronizedRootGroup;
			path = "emoji-mapTests";
			sourceTree = "<group>";
		};
/* End PBXFileSystemSynchronizedRootGroup section */

/* Begin PBXFrameworksBuildPhase section */
		CD12CBD72D7522BB00EFAD77 /* Frameworks */ = {
			isa = PBXFrameworksBuildPhase;
			buildActionMask = 2147483647;
			files = (
			);
			runOnlyForDeploymentPostprocessing = 0;
		};
		CD12CBE72D7522C200EFAD77 /* Frameworks */ = {
			isa = PBXFrameworksBuildPhase;
			buildActionMask = 2147483647;
			files = (
				CD9A120B2D7836EC0023EDF2 /* ViewInspector in Frameworks */,
			);
			runOnlyForDeploymentPostprocessing = 0;
		};
		CD12CBF12D7522C200EFAD77 /* Frameworks */ = {
			isa = PBXFrameworksBuildPhase;
			buildActionMask = 2147483647;
			files = (
			);
			runOnlyForDeploymentPostprocessing = 0;
		};
/* End PBXFrameworksBuildPhase section */

/* Begin PBXGroup section */
		CD12CBD12D7522BB00EFAD77 = {
			isa = PBXGroup;
			children = (
				CD12CBDC2D7522BB00EFAD77 /* emoji-map */,
				CD12CBED2D7522C200EFAD77 /* emoji-mapTests */,
				CD9A12092D7836EC0023EDF2 /* Frameworks */,
				CD12CBDB2D7522BB00EFAD77 /* Products */,
			);
			sourceTree = "<group>";
		};
		CD12CBDB2D7522BB00EFAD77 /* Products */ = {
			isa = PBXGroup;
			children = (
				CD12CBDA2D7522BB00EFAD77 /* emoji-map.app */,
				CD12CBEA2D7522C200EFAD77 /* emoji-mapTests.xctest */,
				CD12CBF42D7522C200EFAD77 /* emoji-mapUITests.xctest */,
			);
			name = Products;
			sourceTree = "<group>";
		};
		CD9A12092D7836EC0023EDF2 /* Frameworks */ = {
			isa = PBXGroup;
			children = (
			);
			name = Frameworks;
			sourceTree = "<group>";
		};
/* End PBXGroup section */

/* Begin PBXNativeTarget section */
		CD12CBD92D7522BB00EFAD77 /* emoji-map */ = {
			isa = PBXNativeTarget;
			buildConfigurationList = CD12CBFE2D7522C200EFAD77 /* Build configuration list for PBXNativeTarget "emoji-map" */;
			buildPhases = (
				CD12CBD62D7522BB00EFAD77 /* Sources */,
				CD12CBD72D7522BB00EFAD77 /* Frameworks */,
				CD12CBD82D7522BB00EFAD77 /* Resources */,
			);
			buildRules = (
			);
			dependencies = (
			);
			fileSystemSynchronizedGroups = (
				CD12CBDC2D7522BB00EFAD77 /* emoji-map */,
			);
			name = "emoji-map";
			packageProductDependencies = (
			);
			productName = "emoji-map";
			productReference = CD12CBDA2D7522BB00EFAD77 /* emoji-map.app */;
			productType = "com.apple.product-type.application";
		};
		CD12CBE92D7522C200EFAD77 /* emoji-mapTests */ = {
			isa = PBXNativeTarget;
			buildConfigurationList = CD12CC012D7522C200EFAD77 /* Build configuration list for PBXNativeTarget "emoji-mapTests" */;
			buildPhases = (
				CD12CBE62D7522C200EFAD77 /* Sources */,
				CD12CBE72D7522C200EFAD77 /* Frameworks */,
				CD12CBE82D7522C200EFAD77 /* Resources */,
			);
			buildRules = (
			);
			dependencies = (
				CD12CBEC2D7522C200EFAD77 /* PBXTargetDependency */,
			);
			fileSystemSynchronizedGroups = (
				CD12CBED2D7522C200EFAD77 /* emoji-mapTests */,
			);
			name = "emoji-mapTests";
			packageProductDependencies = (
				CD9A120A2D7836EC0023EDF2 /* ViewInspector */,
			);
			productName = "emoji-mapTests";
			productReference = CD12CBEA2D7522C200EFAD77 /* emoji-mapTests.xctest */;
			productType = "com.apple.product-type.bundle.unit-test";
		};
		CD12CBF32D7522C200EFAD77 /* emoji-mapUITests */ = {
			isa = PBXNativeTarget;
			buildConfigurationList = CD12CC042D7522C200EFAD77 /* Build configuration list for PBXNativeTarget "emoji-mapUITests" */;
			buildPhases = (
				CD12CBF02D7522C200EFAD77 /* Sources */,
				CD12CBF12D7522C200EFAD77 /* Frameworks */,
				CD12CBF22D7522C200EFAD77 /* Resources */,
			);
			buildRules = (
			);
			dependencies = (
				CD12CBF62D7522C200EFAD77 /* PBXTargetDependency */,
			);
			name = "emoji-mapUITests";
			packageProductDependencies = (
			);
			productName = "emoji-mapUITests";
			productReference = CD12CBF42D7522C200EFAD77 /* emoji-mapUITests.xctest */;
			productType = "com.apple.product-type.bundle.ui-testing";
		};
/* End PBXNativeTarget section */

/* Begin PBXProject section */
		CD12CBD22D7522BB00EFAD77 /* Project object */ = {
			isa = PBXProject;
			attributes = {
				BuildIndependentTargetsInParallel = 1;
				LastSwiftUpdateCheck = 1620;
				LastUpgradeCheck = 1620;
				TargetAttributes = {
					CD12CBD92D7522BB00EFAD77 = {
						CreatedOnToolsVersion = 16.2;
					};
					CD12CBE92D7522C200EFAD77 = {
						CreatedOnToolsVersion = 16.2;
						TestTargetID = CD12CBD92D7522BB00EFAD77;
					};
					CD12CBF32D7522C200EFAD77 = {
						CreatedOnToolsVersion = 16.2;
						TestTargetID = CD12CBD92D7522BB00EFAD77;
					};
				};
			};
			buildConfigurationList = CD12CBD52D7522BB00EFAD77 /* Build configuration list for PBXProject "emoji-map" */;
			developmentRegion = en;
			hasScannedForEncodings = 0;
			knownRegions = (
				en,
				Base,
			);
			mainGroup = CD12CBD12D7522BB00EFAD77;
			minimizedProjectReferenceProxies = 1;
			packageReferences = (
				CD9A12042D7835400023EDF2 /* XCRemoteSwiftPackageReference "ViewInspector" */,
			);
			preferredProjectObjectVersion = 77;
			productRefGroup = CD12CBDB2D7522BB00EFAD77 /* Products */;
			projectDirPath = "";
			projectRoot = "";
			targets = (
				CD12CBD92D7522BB00EFAD77 /* emoji-map */,
				CD12CBE92D7522C200EFAD77 /* emoji-mapTests */,
				CD12CBF32D7522C200EFAD77 /* emoji-mapUITests */,
			);
		};
/* End PBXProject section */

/* Begin PBXResourcesBuildPhase section */
		CD12CBD82D7522BB00EFAD77 /* Resources */ = {
			isa = PBXResourcesBuildPhase;
			buildActionMask = 2147483647;
			files = (
			);
			runOnlyForDeploymentPostprocessing = 0;
		};
		CD12CBE82D7522C200EFAD77 /* Resources */ = {
			isa = PBXResourcesBuildPhase;
			buildActionMask = 2147483647;
			files = (
			);
			runOnlyForDeploymentPostprocessing = 0;
		};
		CD12CBF22D7522C200EFAD77 /* Resources */ = {
			isa = PBXResourcesBuildPhase;
			buildActionMask = 2147483647;
			files = (
			);
			runOnlyForDeploymentPostprocessing = 0;
		};
/* End PBXResourcesBuildPhase section */

/* Begin PBXSourcesBuildPhase section */
		CD12CBD62D7522BB00EFAD77 /* Sources */ = {
			isa = PBXSourcesBuildPhase;
			buildActionMask = 2147483647;
			files = (
			);
			runOnlyForDeploymentPostprocessing = 0;
		};
		CD12CBE62D7522C200EFAD77 /* Sources */ = {
			isa = PBXSourcesBuildPhase;
			buildActionMask = 2147483647;
			files = (
			);
			runOnlyForDeploymentPostprocessing = 0;
		};
		CD12CBF02D7522C200EFAD77 /* Sources */ = {
			isa = PBXSourcesBuildPhase;
			buildActionMask = 2147483647;
			files = (
			);
			runOnlyForDeploymentPostprocessing = 0;
		};
/* End PBXSourcesBuildPhase section */

/* Begin PBXTargetDependency section */
		CD12CBEC2D7522C200EFAD77 /* PBXTargetDependency */ = {
			isa = PBXTargetDependency;
			target = CD12CBD92D7522BB00EFAD77 /* emoji-map */;
			targetProxy = CD12CBEB2D7522C200EFAD77 /* PBXContainerItemProxy */;
		};
		CD12CBF62D7522C200EFAD77 /* PBXTargetDependency */ = {
			isa = PBXTargetDependency;
			target = CD12CBD92D7522BB00EFAD77 /* emoji-map */;
			targetProxy = CD12CBF52D7522C200EFAD77 /* PBXContainerItemProxy */;
		};
/* End PBXTargetDependency section */

/* Begin XCBuildConfiguration section */
		CD12CBFC2D7522C200EFAD77 /* Debug */ = {
			isa = XCBuildConfiguration;
			buildSettings = {
				ALWAYS_SEARCH_USER_PATHS = NO;
				ASSETCATALOG_COMPILER_GENERATE_SWIFT_ASSET_SYMBOL_EXTENSIONS = YES;
				CLANG_ANALYZER_NONNULL = YES;
				CLANG_ANALYZER_NUMBER_OBJECT_CONVERSION = YES_AGGRESSIVE;
				CLANG_CXX_LANGUAGE_STANDARD = "gnu++20";
				CLANG_ENABLE_MODULES = YES;
				CLANG_ENABLE_OBJC_ARC = YES;
				CLANG_ENABLE_OBJC_WEAK = YES;
				CLANG_WARN_BLOCK_CAPTURE_AUTORELEASING = YES;
				CLANG_WARN_BOOL_CONVERSION = YES;
				CLANG_WARN_COMMA = YES;
				CLANG_WARN_CONSTANT_CONVERSION = YES;
				CLANG_WARN_DEPRECATED_OBJC_IMPLEMENTATIONS = YES;
				CLANG_WARN_DIRECT_OBJC_ISA_USAGE = YES_ERROR;
				CLANG_WARN_DOCUMENTATION_COMMENTS = YES;
				CLANG_WARN_EMPTY_BODY = YES;
				CLANG_WARN_ENUM_CONVERSION = YES;
				CLANG_WARN_INFINITE_RECURSION = YES;
				CLANG_WARN_INT_CONVERSION = YES;
				CLANG_WARN_NON_LITERAL_NULL_CONVERSION = YES;
				CLANG_WARN_OBJC_IMPLICIT_RETAIN_SELF = YES;
				CLANG_WARN_OBJC_LITERAL_CONVERSION = YES;
				CLANG_WARN_OBJC_ROOT_CLASS = YES_ERROR;
				CLANG_WARN_QUOTED_INCLUDE_IN_FRAMEWORK_HEADER = YES;
				CLANG_WARN_RANGE_LOOP_ANALYSIS = YES;
				CLANG_WARN_STRICT_PROTOTYPES = YES;
				CLANG_WARN_SUSPICIOUS_MOVE = YES;
				CLANG_WARN_UNGUARDED_AVAILABILITY = YES_AGGRESSIVE;
				CLANG_WARN_UNREACHABLE_CODE = YES;
				CLANG_WARN__DUPLICATE_METHOD_MATCH = YES;
				COPY_PHASE_STRIP = NO;
				DEBUG_INFORMATION_FORMAT = dwarf;
				ENABLE_STRICT_OBJC_MSGSEND = YES;
				ENABLE_TESTABILITY = YES;
				ENABLE_USER_SCRIPT_SANDBOXING = YES;
				GCC_C_LANGUAGE_STANDARD = gnu17;
				GCC_DYNAMIC_NO_PIC = NO;
				GCC_NO_COMMON_BLOCKS = YES;
				GCC_OPTIMIZATION_LEVEL = 0;
				GCC_PREPROCESSOR_DEFINITIONS = (
					"DEBUG=1",
					"$(inherited)",
				);
				GCC_WARN_64_TO_32_BIT_CONVERSION = YES;
				GCC_WARN_ABOUT_RETURN_TYPE = YES_ERROR;
				GCC_WARN_UNDECLARED_SELECTOR = YES;
				GCC_WARN_UNINITIALIZED_AUTOS = YES_AGGRESSIVE;
				GCC_WARN_UNUSED_FUNCTION = YES;
				GCC_WARN_UNUSED_VARIABLE = YES;
				IPHONEOS_DEPLOYMENT_TARGET = 17.0;
				LOCALIZATION_PREFERS_STRING_CATALOGS = YES;
				MTL_ENABLE_DEBUG_INFO = INCLUDE_SOURCE;
				MTL_FAST_MATH = YES;
				ONLY_ACTIVE_ARCH = YES;
				SDKROOT = iphoneos;
				SWIFT_ACTIVE_COMPILATION_CONDITIONS = "DEBUG $(inherited)";
				SWIFT_OPTIMIZATION_LEVEL = "-Onone";
			};
			name = Debug;
		};
		CD12CBFD2D7522C200EFAD77 /* Release */ = {
			isa = XCBuildConfiguration;
			buildSettings = {
				ALWAYS_SEARCH_USER_PATHS = NO;
				ASSETCATALOG_COMPILER_GENERATE_SWIFT_ASSET_SYMBOL_EXTENSIONS = YES;
				CLANG_ANALYZER_NONNULL = YES;
				CLANG_ANALYZER_NUMBER_OBJECT_CONVERSION = YES_AGGRESSIVE;
				CLANG_CXX_LANGUAGE_STANDARD = "gnu++20";
				CLANG_ENABLE_MODULES = YES;
				CLANG_ENABLE_OBJC_ARC = YES;
				CLANG_ENABLE_OBJC_WEAK = YES;
				CLANG_WARN_BLOCK_CAPTURE_AUTORELEASING = YES;
				CLANG_WARN_BOOL_CONVERSION = YES;
				CLANG_WARN_COMMA = YES;
				CLANG_WARN_CONSTANT_CONVERSION = YES;
				CLANG_WARN_DEPRECATED_OBJC_IMPLEMENTATIONS = YES;
				CLANG_WARN_DIRECT_OBJC_ISA_USAGE = YES_ERROR;
				CLANG_WARN_DOCUMENTATION_COMMENTS = YES;
				CLANG_WARN_EMPTY_BODY = YES;
				CLANG_WARN_ENUM_CONVERSION = YES;
				CLANG_WARN_INFINITE_RECURSION = YES;
				CLANG_WARN_INT_CONVERSION = YES;
				CLANG_WARN_NON_LITERAL_NULL_CONVERSION = YES;
				CLANG_WARN_OBJC_IMPLICIT_RETAIN_SELF = YES;
				CLANG_WARN_OBJC_LITERAL_CONVERSION = YES;
				CLANG_WARN_OBJC_ROOT_CLASS = YES_ERROR;
				CLANG_WARN_QUOTED_INCLUDE_IN_FRAMEWORK_HEADER = YES;
				CLANG_WARN_RANGE_LOOP_ANALYSIS = YES;
				CLANG_WARN_STRICT_PROTOTYPES = YES;
				CLANG_WARN_SUSPICIOUS_MOVE = YES;
				CLANG_WARN_UNGUARDED_AVAILABILITY = YES_AGGRESSIVE;
				CLANG_WARN_UNREACHABLE_CODE = YES;
				CLANG_WARN__DUPLICATE_METHOD_MATCH = YES;
				COPY_PHASE_STRIP = NO;
				DEBUG_INFORMATION_FORMAT = "dwarf-with-dsym";
				ENABLE_NS_ASSERTIONS = NO;
				ENABLE_STRICT_OBJC_MSGSEND = YES;
				ENABLE_USER_SCRIPT_SANDBOXING = YES;
				GCC_C_LANGUAGE_STANDARD = gnu17;
				GCC_NO_COMMON_BLOCKS = YES;
				GCC_WARN_64_TO_32_BIT_CONVERSION = YES;
				GCC_WARN_ABOUT_RETURN_TYPE = YES_ERROR;
				GCC_WARN_UNDECLARED_SELECTOR = YES;
				GCC_WARN_UNINITIALIZED_AUTOS = YES_AGGRESSIVE;
				GCC_WARN_UNUSED_FUNCTION = YES;
				GCC_WARN_UNUSED_VARIABLE = YES;
				IPHONEOS_DEPLOYMENT_TARGET = 17.0;
				LOCALIZATION_PREFERS_STRING_CATALOGS = YES;
				MTL_ENABLE_DEBUG_INFO = NO;
				MTL_FAST_MATH = YES;
				SDKROOT = iphoneos;
				SWIFT_COMPILATION_MODE = wholemodule;
				VALIDATE_PRODUCT = YES;
			};
			name = Release;
		};
		CD12CBFF2D7522C200EFAD77 /* Debug */ = {
			isa = XCBuildConfiguration;
			buildSettings = {
				ASSETCATALOG_COMPILER_APPICON_NAME = AppIcon;
				ASSETCATALOG_COMPILER_GLOBAL_ACCENT_COLOR_NAME = AccentColor;
				CODE_SIGN_STYLE = Automatic;
				CURRENT_PROJECT_VERSION = 1;
				DEVELOPMENT_ASSET_PATHS = "\"emoji-map/Preview Content\"";
				DEVELOPMENT_TEAM = T7FKXBRC5Q;
				ENABLE_PREVIEWS = YES;
				GENERATE_INFOPLIST_FILE = NO;
				INFOPLIST_FILE = "emoji-map/CustomInfo.plist";
				INFOPLIST_KEY_CFBundleDisplayName = EmojiMap;
				INFOPLIST_KEY_LSApplicationCategoryType = "public.app-category.food-and-drink";
				INFOPLIST_KEY_LSApplicationQueriesSchemes = "comgooglemaps waze maps";
				INFOPLIST_KEY_NSLocationWhenInUseUsageDescription = "We need your location to show nearby places.";
				INFOPLIST_KEY_UIApplicationSceneManifest_Generation = YES;
				INFOPLIST_KEY_UIApplicationSupportsIndirectInputEvents = YES;
				INFOPLIST_KEY_UILaunchScreen_Generation = YES;
				INFOPLIST_KEY_UISupportedInterfaceOrientations_iPad = "UIInterfaceOrientationPortrait UIInterfaceOrientationPortraitUpsideDown";
				INFOPLIST_KEY_UISupportedInterfaceOrientations_iPhone = UIInterfaceOrientationPortrait;
				LD_RUNPATH_SEARCH_PATHS = (
					"$(inherited)",
					"@executable_path/Frameworks",
				);
				MARKETING_VERSION = 1.0;
				PRODUCT_BUNDLE_IDENTIFIER = "com.enrique.emoji-map";
				PRODUCT_NAME = "$(TARGET_NAME)";
				SUPPORTED_PLATFORMS = "iphoneos iphonesimulator";
				SUPPORTS_MACCATALYST = NO;
				SWIFT_EMIT_LOC_STRINGS = YES;
				SWIFT_VERSION = 5.0;
				TARGETED_DEVICE_FAMILY = 1;
			};
			name = Debug;
		};
		CD12CC002D7522C200EFAD77 /* Release */ = {
			isa = XCBuildConfiguration;
			buildSettings = {
				ASSETCATALOG_COMPILER_APPICON_NAME = AppIcon;
				ASSETCATALOG_COMPILER_GLOBAL_ACCENT_COLOR_NAME = AccentColor;
				CODE_SIGN_STYLE = Automatic;
				CURRENT_PROJECT_VERSION = 1;
				DEVELOPMENT_ASSET_PATHS = "\"emoji-map/Preview Content\"";
				DEVELOPMENT_TEAM = T7FKXBRC5Q;
				ENABLE_PREVIEWS = YES;
				GENERATE_INFOPLIST_FILE = NO;
				INFOPLIST_FILE = "emoji-map/CustomInfo.plist";
				INFOPLIST_KEY_CFBundleDisplayName = EmojiMap;
				INFOPLIST_KEY_LSApplicationCategoryType = "public.app-category.food-and-drink";
				INFOPLIST_KEY_LSApplicationQueriesSchemes = "comgooglemaps waze maps";
				INFOPLIST_KEY_NSLocationWhenInUseUsageDescription = "We need your location to show nearby places.";
				INFOPLIST_KEY_UIApplicationSceneManifest_Generation = YES;
				INFOPLIST_KEY_UIApplicationSupportsIndirectInputEvents = YES;
				INFOPLIST_KEY_UILaunchScreen_Generation = YES;
				INFOPLIST_KEY_UISupportedInterfaceOrientations_iPad = "UIInterfaceOrientationPortrait UIInterfaceOrientationPortraitUpsideDown";
				INFOPLIST_KEY_UISupportedInterfaceOrientations_iPhone = UIInterfaceOrientationPortrait;
				LD_RUNPATH_SEARCH_PATHS = (
					"$(inherited)",
					"@executable_path/Frameworks",
				);
				MARKETING_VERSION = 1.0;
				PRODUCT_BUNDLE_IDENTIFIER = "com.enrique.emoji-map";
				PRODUCT_NAME = "$(TARGET_NAME)";
				SUPPORTED_PLATFORMS = "iphoneos iphonesimulator";
				SUPPORTS_MACCATALYST = NO;
				SWIFT_EMIT_LOC_STRINGS = YES;
				SWIFT_VERSION = 5.0;
				TARGETED_DEVICE_FAMILY = 1;
			};
			name = Release;
		};
		CD12CC022D7522C200EFAD77 /* Debug */ = {
			isa = XCBuildConfiguration;
			buildSettings = {
				BUNDLE_LOADER = "$(TEST_HOST)";
				CODE_SIGN_STYLE = Automatic;
				CURRENT_PROJECT_VERSION = 1;
				DEVELOPMENT_TEAM = T7FKXBRC5Q;
				GENERATE_INFOPLIST_FILE = NO;
				INFOPLIST_FILE = "emoji-mapTests/Info.plist";
				IPHONEOS_DEPLOYMENT_TARGET = 17.0;
				MARKETING_VERSION = 1.0;
				PRODUCT_BUNDLE_IDENTIFIER = "com.enrique.emoji-mapTests";
				PRODUCT_NAME = "$(TARGET_NAME)";
				SWIFT_EMIT_LOC_STRINGS = NO;
				SWIFT_VERSION = 5.0;
				TARGETED_DEVICE_FAMILY = "1,2";
				TEST_HOST = "$(BUILT_PRODUCTS_DIR)/emoji-map.app/$(BUNDLE_EXECUTABLE_FOLDER_PATH)/emoji-map";
			};
			name = Debug;
		};
		CD12CC032D7522C200EFAD77 /* Release */ = {
			isa = XCBuildConfiguration;
			buildSettings = {
				BUNDLE_LOADER = "$(TEST_HOST)";
				CODE_SIGN_STYLE = Automatic;
				CURRENT_PROJECT_VERSION = 1;
				DEVELOPMENT_TEAM = T7FKXBRC5Q;
				GENERATE_INFOPLIST_FILE = NO;
				INFOPLIST_FILE = "emoji-mapTests/Info.plist";
				IPHONEOS_DEPLOYMENT_TARGET = 17.0;
				MARKETING_VERSION = 1.0;
				PRODUCT_BUNDLE_IDENTIFIER = "com.enrique.emoji-mapTests";
				PRODUCT_NAME = "$(TARGET_NAME)";
				SWIFT_EMIT_LOC_STRINGS = NO;
				SWIFT_VERSION = 5.0;
				TARGETED_DEVICE_FAMILY = "1,2";
				TEST_HOST = "$(BUILT_PRODUCTS_DIR)/emoji-map.app/$(BUNDLE_EXECUTABLE_FOLDER_PATH)/emoji-map";
			};
			name = Release;
		};
		CD12CC052D7522C200EFAD77 /* Debug */ = {
			isa = XCBuildConfiguration;
			buildSettings = {
				CODE_SIGN_STYLE = Automatic;
				CURRENT_PROJECT_VERSION = 1;
				DEVELOPMENT_TEAM = T7FKXBRC5Q;
				GENERATE_INFOPLIST_FILE = NO;
				INFOPLIST_FILE = "emoji-mapUITests/Info.plist";
				MARKETING_VERSION = 1.0;
				PRODUCT_BUNDLE_IDENTIFIER = "com.enrique.emoji-mapUITests";
				PRODUCT_NAME = "$(TARGET_NAME)";
				SWIFT_EMIT_LOC_STRINGS = NO;
				SWIFT_VERSION = 5.0;
				TARGETED_DEVICE_FAMILY = "1,2";
				TEST_TARGET_NAME = "emoji-map";
			};
			name = Debug;
		};
		CD12CC062D7522C200EFAD77 /* Release */ = {
			isa = XCBuildConfiguration;
			buildSettings = {
				CODE_SIGN_STYLE = Automatic;
				CURRENT_PROJECT_VERSION = 1;
				DEVELOPMENT_TEAM = T7FKXBRC5Q;
				GENERATE_INFOPLIST_FILE = NO;
				INFOPLIST_FILE = "emoji-mapUITests/Info.plist";
				MARKETING_VERSION = 1.0;
				PRODUCT_BUNDLE_IDENTIFIER = "com.enrique.emoji-mapUITests";
				PRODUCT_NAME = "$(TARGET_NAME)";
				SWIFT_EMIT_LOC_STRINGS = NO;
				SWIFT_VERSION = 5.0;
				TARGETED_DEVICE_FAMILY = "1,2";
				TEST_TARGET_NAME = "emoji-map";
			};
			name = Release;
		};
/* End XCBuildConfiguration section */

/* Begin XCConfigurationList section */
		CD12CBD52D7522BB00EFAD77 /* Build configuration list for PBXProject "emoji-map" */ = {
			isa = XCConfigurationList;
			buildConfigurations = (
				CD12CBFC2D7522C200EFAD77 /* Debug */,
				CD12CBFD2D7522C200EFAD77 /* Release */,
			);
			defaultConfigurationIsVisible = 0;
			defaultConfigurationName = Release;
		};
		CD12CBFE2D7522C200EFAD77 /* Build configuration list for PBXNativeTarget "emoji-map" */ = {
			isa = XCConfigurationList;
			buildConfigurations = (
				CD12CBFF2D7522C200EFAD77 /* Debug */,
				CD12CC002D7522C200EFAD77 /* Release */,
			);
			defaultConfigurationIsVisible = 0;
			defaultConfigurationName = Release;
		};
		CD12CC012D7522C200EFAD77 /* Build configuration list for PBXNativeTarget "emoji-mapTests" */ = {
			isa = XCConfigurationList;
			buildConfigurations = (
				CD12CC022D7522C200EFAD77 /* Debug */,
				CD12CC032D7522C200EFAD77 /* Release */,
			);
			defaultConfigurationIsVisible = 0;
			defaultConfigurationName = Release;
		};
		CD12CC042D7522C200EFAD77 /* Build configuration list for PBXNativeTarget "emoji-mapUITests" */ = {
			isa = XCConfigurationList;
			buildConfigurations = (
				CD12CC052D7522C200EFAD77 /* Debug */,
				CD12CC062D7522C200EFAD77 /* Release */,
			);
			defaultConfigurationIsVisible = 0;
			defaultConfigurationName = Release;
		};
/* End XCConfigurationList section */

/* Begin XCRemoteSwiftPackageReference section */
		CD9A12042D7835400023EDF2 /* XCRemoteSwiftPackageReference "ViewInspector" */ = {
			isa = XCRemoteSwiftPackageReference;
			repositoryURL = "https://github.com/nalexn/ViewInspector";
			requirement = {
				kind = upToNextMajorVersion;
				minimumVersion = 0.10.1;
			};
		};
/* End XCRemoteSwiftPackageReference section */

/* Begin XCSwiftPackageProductDependency section */
		CD9A120A2D7836EC0023EDF2 /* ViewInspector */ = {
			isa = XCSwiftPackageProductDependency;
			package = CD9A12042D7835400023EDF2 /* XCRemoteSwiftPackageReference "ViewInspector" */;
			productName = ViewInspector;
		};
/* End XCSwiftPackageProductDependency section */
	};
	rootObject = CD12CBD22D7522BB00EFAD77 /* Project object */;
}
